
Microsoft Visual Studio Solution File, Format Version 12.00
# Visual Studio Version 16
VisualStudioVersion = 16.0.30320.27
MinimumVisualStudioVersion = 10.0.40219.1
Project("{FAE04EC0-301F-11D3-BF4B-00C04F79EFBC}") = "rpg-game", "rpg-game.csproj", "{467127F3-E623-4CFF-9070-183CEB762DE7}"
EndProject
Global
	GlobalSection(SolutionConfigurationPlatforms) = preSolution
		Debug|Any CPU = Debug|Any CPU
		Release|Any CPU = Release|Any CPU
	EndGlobalSection
	GlobalSection(ProjectConfigurationPlatforms) = postSolution
		{467127F3-E623-4CFF-9070-183CEB762DE7}.Debug|Any CPU.ActiveCfg = Debug|Any CPU
		{467127F3-E623-4CFF-9070-183CEB762DE7}.Debug|Any CPU.Build.0 = Debug|Any CPU
		{467127F3-E623-4CFF-9070-183CEB762DE7}.Release|Any CPU.ActiveCfg = Release|Any CPU
		{467127F3-E623-4CFF-9070-183CEB762DE7}.Release|Any CPU.Build.0 = Release|Any CPU
	EndGlobalSection
	GlobalSection(SolutionProperties) = preSolution
		HideSolutionNode = FALSE
	EndGlobalSection
	GlobalSection(ExtensibilityGlobals) = postSolution
		SolutionGuid = {A83D0A26-ED3F-420D-8E05-3537159D3D7D}
	EndGlobalSection
EndGlobal
